<?xml version="1.0" encoding="UTF-8"?>
<Scheme
   LastUpgradeVersion = "0730"
   version = "1.3">
   <BuildAction
      parallelizeBuildables = "YES"
      buildImplicitDependencies = "YES">
      <BuildActionEntries>
         <BuildActionEntry
            buildForTesting = "YES"
            buildForRunning = "YES"
            buildForProfiling = "YES"
            buildForArchiving = "YES"
            buildForAnalyzing = "YES">
            <BuildableReference
               BuildableIdentifier = "primary"
               BlueprintIdentifier = "04D1D5ED1D3E970000B9533E"
               BuildableName = "josePizzaAppleWatch WatchKit App.app"
               BlueprintName = "josePizzaAppleWatch WatchKit App"
               ReferencedContainer = "container:josePizzaAppleWatch.xcodeproj">
            </BuildableReference>
         </BuildActionEntry>
         <BuildActionEntry
            buildForTesting = "YES"
            buildForRunning = "YES"
            buildForProfiling = "YES"
            buildForArchiving = "YES"
            buildForAnalyzing = "YES">
            <BuildableReference
               BuildableIdentifier = "primary"
               BlueprintIdentifier = "04D1D5FC1D3E970000B9533E"
               BuildableName = "josePizzaAppleWatch WatchKit Extension.appex"
               BlueprintName = "josePizzaAppleWatch WatchKit Extension"
               ReferencedContainer = "container:josePizzaAppleWatch.xcodeproj">
            </BuildableReference>
         </BuildActionEntry>
         <BuildActionEntry
            buildForTesting = "YES"
            buildForRunning = "YES"
            buildForProfiling = "YES"
            buildForArchiving = "YES"
            buildForAnalyzing = "YES">
            <BuildableReference
               BuildableIdentifier = "primary"
               BlueprintIdentifier = "04D1D5DB1D3E970000B9533E"
               BuildableName = "josePizzaAppleWatch.app"
               BlueprintName = "josePizzaAppleWatch"
               ReferencedContainer = "container:josePizzaAppleWatch.xcodeproj">
            </BuildableReference>
         </BuildActionEntry>
      </BuildActionEntries>
   </BuildAction>
   <TestAction
      buildConfiguration = "Debug"
      selectedDebuggerIdentifier = "Xcode.DebuggerFoundation.Debugger.LLDB"
      selectedLauncherIdentifier = "Xcode.DebuggerFoundation.Launcher.LLDB"
      shouldUseLaunchSchemeArgsEnv = "YES">
      <Testables>
         <TestableReference
            skipped = "NO">
            <BuildableReference
               BuildableIdentifier = "primary"
               BlueprintIdentifier = "04A28B381D41748D00B805BC"
               BuildableName = "josePizzaAppleWatchUITests.xctest"
               BlueprintName = "josePizzaAppleWatchUITests"
               ReferencedContainer = "container:josePizzaAppleWatch.xcodeproj">
            </BuildableReference>
         </TestableReference>
      </Testables>
      <MacroExpansion>
         <BuildableReference
            BuildableIdentifier = "primary"
            BlueprintIdentifier = "04D1D5ED1D3E970000B9533E"
            BuildableName = "josePizzaAppleWatch WatchKit App.app"
            BlueprintName = "josePizzaAppleWatch WatchKit App"
            ReferencedContainer = "container:josePizzaAppleWatch.xcodeproj">
         </BuildableReference>
      </MacroExpansion>
      <AdditionalOptions>
      </AdditionalOptions>
   </TestAction>
   <LaunchAction
      buildConfiguration = "Debug"
      selectedDebuggerIdentifier = "Xcode.DebuggerFoundation.Debugger.LLDB"
      selectedLauncherIdentifier = "Xcode.DebuggerFoundation.Launcher.LLDB"
      launchStyle = "0"
      useCustomWorkingDirectory = "NO"
      ignoresPersistentStateOnLaunch = "NO"
      debugDocumentVersioning = "YES"
      debugServiceExtension = "internal"
      allowLocationSimulation = "YES"
      notificationPayloadFile = "josePizzaAppleWatch WatchKit Extension/PushNotificationPayload.apns">
      <RemoteRunnable
         runnableDebuggingMode = "2"
         BundleIdentifier = "com.apple.carousel"
         RemotePath = "/josePizzaAppleWatch WatchKit App">
         <BuildableReference
            BuildableIdentifier = "primary"
            BlueprintIdentifier = "04D1D5ED1D3E970000B9533E"
            BuildableName = "josePizzaAppleWatch WatchKit App.app"
            BlueprintName = "josePizzaAppleWatch WatchKit App"
            ReferencedContainer = "container:josePizzaAppleWatch.xcodeproj">
         </BuildableReference>
      </RemoteRunnable>
      <MacroExpansion>
         <BuildableReference
            BuildableIdentifier = "primary"
            BlueprintIdentifier = "04D1D5ED1D3E970000B9533E"
            BuildableName = "josePizzaAppleWatch WatchKit App.app"
            BlueprintName = "josePizzaAppleWatch WatchKit App"
            ReferencedContainer = "container:josePizzaAppleWatch.xcodeproj">
         </BuildableReference>
      </MacroExpansion>
      <AdditionalOptions>
      </AdditionalOptions>
   </LaunchAction>
   <ProfileAction
      buildConfiguration = "Release"
      shouldUseLaunchSchemeArgsEnv = "YES"
      savedToolIdentifier = ""
      useCustomWorkingDirectory = "NO"
      debugDocumentVersioning = "YES"
      notificationPayloadFile = "josePizzaAppleWatch WatchKit Extension/PushNotificationPayload.apns">
      <RemoteRunnable
         runnableDebuggingMode = "2"
         BundleIdentifier = "com.apple.carousel"
         RemotePath = "/josePizzaAppleWatch WatchKit App">
         <BuildableReference
            BuildableIdentifier = "primary"
            BlueprintIdentifier = "04D1D5ED1D3E970000B9533E"
            BuildableName = "josePizzaAppleWatch WatchKit App.app"
            BlueprintName = "josePizzaAppleWatch WatchKit App"
            ReferencedContainer = "container:josePizzaAppleWatch.xcodeproj">
         </BuildableReference>
      </RemoteRunnable>
      <MacroExpansion>
         <BuildableReference
            BuildableIdentifier = "primary"
            BlueprintIdentifier = "04D1D5ED1D3E970000B9533E"
            BuildableName = "josePizzaAppleWatch WatchKit App.app"
            BlueprintName = "josePizzaAppleWatch WatchKit App"
            ReferencedContainer = "container:josePizzaAppleWatch.xcodeproj">
         </BuildableReference>
      </MacroExpansion>
   </ProfileAction>
   <AnalyzeAction
      buildConfiguration = "Debug">
   </AnalyzeAction>
   <ArchiveAction
      buildConfiguration = "Release"
      revealArchiveInOrganizer = "YES">
   </ArchiveAction>
</Scheme>
